github.com/anggidast/go-say-hello v1.0.0 h1:r8LmfMkdwhQ/gqRlIVHvCjXp8asXdZWI5HQ4WL96eCc=
github.com/anggidast/go-say-hello v1.0.0/go.mod h1:M3PY2rEyL2tWQHowaycgkhtcDPI7DTORk3xni+96R1U=
github.com/anggidast/go-say-hello v1.1.0 h1:zTtDpgzm0vbtDqgDyVHDaRsBcfKy0e43Xfq/k3Pp1bI=
github.com/anggidast/go-say-hello v1.1.0/go.mod h1:M3PY2rEyL2tWQHowaycgkhtcDPI7DTORk3xni+96R1U=
